// !$*UTF8*$!
{
	archiveVersion = 1;
	classes = {
	};
	objectVersion = 50;
	objects = {

/* Begin PBXBuildFile section */
		EA0EE32D21F518CE0030A35C /* IntentHandler.swift in Sources */ = {isa = PBXBuildFile; fileRef = EA0EE32C21F518CE0030A35C /* IntentHandler.swift */; };
		EA0EE33621F518CE0030A35C /* IntentsUI.framework in Frameworks */ = {isa = PBXBuildFile; fileRef = EA0EE33521F518CE0030A35C /* IntentsUI.framework */; };
		EA0EE33921F518CE0030A35C /* IntentViewController.swift in Sources */ = {isa = PBXBuildFile; fileRef = EA0EE33821F518CE0030A35C /* IntentViewController.swift */; };
		EA0EE34021F518CE0030A35C /* TimelordIntentsUI.appex in Embed App Extensions */ = {isa = PBXBuildFile; fileRef = EA0EE33321F518CE0030A35C /* TimelordIntentsUI.appex */; settings = {ATTRIBUTES = (RemoveHeadersOnCopy, ); }; };
		EA0EE34321F518CE0030A35C /* TimelordIntents.appex in Embed App Extensions */ = {isa = PBXBuildFile; fileRef = EA0EE32A21F518CE0030A35C /* TimelordIntents.appex */; settings = {ATTRIBUTES = (RemoveHeadersOnCopy, ); }; };
		EA4F288521FA39750009BCEB /* TimelordUITests.swift in Sources */ = {isa = PBXBuildFile; fileRef = EA4F288421FA39750009BCEB /* TimelordUITests.swift */; };
		EA88EBE321F50F7C00D045C6 /* AppDelegate.swift in Sources */ = {isa = PBXBuildFile; fileRef = EA88EBE221F50F7C00D045C6 /* AppDelegate.swift */; };
		EA88EBE521F50F7C00D045C6 /* ViewController.swift in Sources */ = {isa = PBXBuildFile; fileRef = EA88EBE421F50F7C00D045C6 /* ViewController.swift */; };
		EA88EBE821F50F7C00D045C6 /* Main.storyboard in Resources */ = {isa = PBXBuildFile; fileRef = EA88EBE621F50F7C00D045C6 /* Main.storyboard */; };
		EA88EBEA21F50F7D00D045C6 /* Assets.xcassets in Resources */ = {isa = PBXBuildFile; fileRef = EA88EBE921F50F7D00D045C6 /* Assets.xcassets */; };
		EA88EBED21F50F7D00D045C6 /* LaunchScreen.storyboard in Resources */ = {isa = PBXBuildFile; fileRef = EA88EBEB21F50F7D00D045C6 /* LaunchScreen.storyboard */; };
		EAD5B36B21F6526700C1F107 /* Result.framework in Frameworks */ = {isa = PBXBuildFile; fileRef = EAD5B36921F6526700C1F107 /* Result.framework */; };
		EAD5B36C21F6526700C1F107 /* ReactiveSwift.framework in Frameworks */ = {isa = PBXBuildFile; fileRef = EAD5B36A21F6526700C1F107 /* ReactiveSwift.framework */; };
		EAD5B37021F65E4A00C1F107 /* ReminderCell.swift in Sources */ = {isa = PBXBuildFile; fileRef = EAD5B36F21F65E4A00C1F107 /* ReminderCell.swift */; };
		EAD5B37421F6628A00C1F107 /* ReactiveCocoa.framework in Frameworks */ = {isa = PBXBuildFile; fileRef = EAD5B37321F6628A00C1F107 /* ReactiveCocoa.framework */; };
		EAFEAA2421F697BC00B487FC /* Core.h in Headers */ = {isa = PBXBuildFile; fileRef = EAFEAA2221F697BC00B487FC /* Core.h */; settings = {ATTRIBUTES = (Public, ); }; };
		EAFEAA2721F697BC00B487FC /* Core.framework in Frameworks */ = {isa = PBXBuildFile; fileRef = EAFEAA2021F697BC00B487FC /* Core.framework */; };
		EAFEAA2821F697BC00B487FC /* Core.framework in Embed Frameworks */ = {isa = PBXBuildFile; fileRef = EAFEAA2021F697BC00B487FC /* Core.framework */; settings = {ATTRIBUTES = (CodeSignOnCopy, RemoveHeadersOnCopy, ); }; };
		EAFEAA2D21F697E100B487FC /* Reminder.swift in Sources */ = {isa = PBXBuildFile; fileRef = EAD5B37121F65EA200C1F107 /* Reminder.swift */; };
		EAFEAA2E21F6985100B487FC /* Core.framework in Frameworks */ = {isa = PBXBuildFile; fileRef = EAFEAA2021F697BC00B487FC /* Core.framework */; };
		EAFEAA2F21F6985600B487FC /* Core.framework in Frameworks */ = {isa = PBXBuildFile; fileRef = EAFEAA2021F697BC00B487FC /* Core.framework */; };
		EAFEAA3121F699D800B487FC /* IntentsExtensions.swift in Sources */ = {isa = PBXBuildFile; fileRef = EAFEAA3021F699D800B487FC /* IntentsExtensions.swift */; };
/* End PBXBuildFile section */

/* Begin PBXContainerItemProxy section */
		EA0EE33E21F518CE0030A35C /* PBXContainerItemProxy */ = {
			isa = PBXContainerItemProxy;
			containerPortal = EA88EBD721F50F7C00D045C6 /* Project object */;
			proxyType = 1;
			remoteGlobalIDString = EA0EE33221F518CE0030A35C;
			remoteInfo = IntentsUI;
		};
		EA0EE34121F518CE0030A35C /* PBXContainerItemProxy */ = {
			isa = PBXContainerItemProxy;
			containerPortal = EA88EBD721F50F7C00D045C6 /* Project object */;
			proxyType = 1;
			remoteGlobalIDString = EA0EE32921F518CE0030A35C;
			remoteInfo = Intents;
		};
		EA4F288721FA39750009BCEB /* PBXContainerItemProxy */ = {
			isa = PBXContainerItemProxy;
			containerPortal = EA88EBD721F50F7C00D045C6 /* Project object */;
			proxyType = 1;
			remoteGlobalIDString = EA88EBDE21F50F7C00D045C6;
			remoteInfo = Timelord;
		};
		EAFEAA2521F697BC00B487FC /* PBXContainerItemProxy */ = {
			isa = PBXContainerItemProxy;
			containerPortal = EA88EBD721F50F7C00D045C6 /* Project object */;
			proxyType = 1;
			remoteGlobalIDString = EAFEAA1F21F697BC00B487FC;
			remoteInfo = Core;
		};
/* End PBXContainerItemProxy section */

/* Begin PBXCopyFilesBuildPhase section */
		EA0EE34A21F518CE0030A35C /* Embed App Extensions */ = {
			isa = PBXCopyFilesBuildPhase;
			buildActionMask = 2147483647;
			dstPath = "";
			dstSubfolderSpec = 13;
			files = (
				EA0EE34321F518CE0030A35C /* TimelordIntents.appex in Embed App Extensions */,
				EA0EE34021F518CE0030A35C /* TimelordIntentsUI.appex in Embed App Extensions */,
			);
			name = "Embed App Extensions";
			runOnlyForDeploymentPostprocessing = 0;
		};
		EAFEAA2C21F697BC00B487FC /* Embed Frameworks */ = {
			isa = PBXCopyFilesBuildPhase;
			buildActionMask = 2147483647;
			dstPath = "";
			dstSubfolderSpec = 10;
			files = (
				EAFEAA2821F697BC00B487FC /* Core.framework in Embed Frameworks */,
			);
			name = "Embed Frameworks";
			runOnlyForDeploymentPostprocessing = 0;
		};
/* End PBXCopyFilesBuildPhase section */

/* Begin PBXFileReference section */
		EA0EE32521F5167E0030A35C /* Timelord.entitlements */ = {isa = PBXFileReference; lastKnownFileType = text.plist.entitlements; path = Timelord.entitlements; sourceTree = "<group>"; };
		EA0EE32A21F518CE0030A35C /* TimelordIntents.appex */ = {isa = PBXFileReference; explicitFileType = "wrapper.app-extension"; includeInIndex = 0; path = TimelordIntents.appex; sourceTree = BUILT_PRODUCTS_DIR; };
		EA0EE32C21F518CE0030A35C /* IntentHandler.swift */ = {isa = PBXFileReference; lastKnownFileType = sourcecode.swift; path = IntentHandler.swift; sourceTree = "<group>"; };
		EA0EE32E21F518CE0030A35C /* Info.plist */ = {isa = PBXFileReference; lastKnownFileType = text.plist.xml; path = Info.plist; sourceTree = "<group>"; };
		EA0EE33321F518CE0030A35C /* TimelordIntentsUI.appex */ = {isa = PBXFileReference; explicitFileType = "wrapper.app-extension"; includeInIndex = 0; path = TimelordIntentsUI.appex; sourceTree = BUILT_PRODUCTS_DIR; };
		EA0EE33521F518CE0030A35C /* IntentsUI.framework */ = {isa = PBXFileReference; lastKnownFileType = wrapper.framework; name = IntentsUI.framework; path = System/Library/Frameworks/IntentsUI.framework; sourceTree = SDKROOT; };
		EA0EE33821F518CE0030A35C /* IntentViewController.swift */ = {isa = PBXFileReference; lastKnownFileType = sourcecode.swift; path = IntentViewController.swift; sourceTree = "<group>"; };
		EA0EE33D21F518CE0030A35C /* Info.plist */ = {isa = PBXFileReference; lastKnownFileType = text.plist.xml; path = Info.plist; sourceTree = "<group>"; };
		EA4F288221FA39750009BCEB /* TimelordUITests.xctest */ = {isa = PBXFileReference; explicitFileType = wrapper.cfbundle; includeInIndex = 0; path = TimelordUITests.xctest; sourceTree = BUILT_PRODUCTS_DIR; };
		EA4F288421FA39750009BCEB /* TimelordUITests.swift */ = {isa = PBXFileReference; lastKnownFileType = sourcecode.swift; path = TimelordUITests.swift; sourceTree = "<group>"; };
		EA4F288621FA39750009BCEB /* Info.plist */ = {isa = PBXFileReference; lastKnownFileType = text.plist.xml; path = Info.plist; sourceTree = "<group>"; };
		EA88EBDF21F50F7C00D045C6 /* Timelord.app */ = {isa = PBXFileReference; explicitFileType = wrapper.application; includeInIndex = 0; path = Timelord.app; sourceTree = BUILT_PRODUCTS_DIR; };
		EA88EBE221F50F7C00D045C6 /* AppDelegate.swift */ = {isa = PBXFileReference; lastKnownFileType = sourcecode.swift; path = AppDelegate.swift; sourceTree = "<group>"; };
		EA88EBE421F50F7C00D045C6 /* ViewController.swift */ = {isa = PBXFileReference; lastKnownFileType = sourcecode.swift; path = ViewController.swift; sourceTree = "<group>"; };
		EA88EBE721F50F7C00D045C6 /* Base */ = {isa = PBXFileReference; lastKnownFileType = file.storyboard; name = Base; path = Base.lproj/Main.storyboard; sourceTree = "<group>"; };
		EA88EBE921F50F7D00D045C6 /* Assets.xcassets */ = {isa = PBXFileReference; lastKnownFileType = folder.assetcatalog; path = Assets.xcassets; sourceTree = "<group>"; };
		EA88EBEC21F50F7D00D045C6 /* Base */ = {isa = PBXFileReference; lastKnownFileType = file.storyboard; name = Base; path = Base.lproj/LaunchScreen.storyboard; sourceTree = "<group>"; };
		EA88EBEE21F50F7D00D045C6 /* Info.plist */ = {isa = PBXFileReference; lastKnownFileType = text.plist.xml; path = Info.plist; sourceTree = "<group>"; };
		EAD5B36921F6526700C1F107 /* Result.framework */ = {isa = PBXFileReference; lastKnownFileType = wrapper.framework; name = Result.framework; path = Carthage/Build/iOS/Result.framework; sourceTree = "<group>"; };
		EAD5B36A21F6526700C1F107 /* ReactiveSwift.framework */ = {isa = PBXFileReference; lastKnownFileType = wrapper.framework; name = ReactiveSwift.framework; path = Carthage/Build/iOS/ReactiveSwift.framework; sourceTree = "<group>"; };
		EAD5B36F21F65E4A00C1F107 /* ReminderCell.swift */ = {isa = PBXFileReference; lastKnownFileType = sourcecode.swift; path = ReminderCell.swift; sourceTree = "<group>"; };
		EAD5B37121F65EA200C1F107 /* Reminder.swift */ = {isa = PBXFileReference; lastKnownFileType = sourcecode.swift; path = Reminder.swift; sourceTree = "<group>"; };
		EAD5B37321F6628A00C1F107 /* ReactiveCocoa.framework */ = {isa = PBXFileReference; lastKnownFileType = wrapper.framework; name = ReactiveCocoa.framework; path = Carthage/Build/iOS/ReactiveCocoa.framework; sourceTree = "<group>"; };
		EAFEAA2021F697BC00B487FC /* Core.framework */ = {isa = PBXFileReference; explicitFileType = wrapper.framework; includeInIndex = 0; path = Core.framework; sourceTree = BUILT_PRODUCTS_DIR; };
		EAFEAA2221F697BC00B487FC /* Core.h */ = {isa = PBXFileReference; lastKnownFileType = sourcecode.c.h; path = Core.h; sourceTree = "<group>"; };
		EAFEAA2321F697BC00B487FC /* Info.plist */ = {isa = PBXFileReference; lastKnownFileType = text.plist.xml; path = Info.plist; sourceTree = "<group>"; };
		EAFEAA3021F699D800B487FC /* IntentsExtensions.swift */ = {isa = PBXFileReference; lastKnownFileType = sourcecode.swift; path = IntentsExtensions.swift; sourceTree = "<group>"; };
/* End PBXFileReference section */

/* Begin PBXFrameworksBuildPhase section */
		EA0EE32721F518CE0030A35C /* Frameworks */ = {
			isa = PBXFrameworksBuildPhase;
			buildActionMask = 2147483647;
			files = (
				EAFEAA2F21F6985600B487FC /* Core.framework in Frameworks */,
			);
			runOnlyForDeploymentPostprocessing = 0;
		};
		EA0EE33021F518CE0030A35C /* Frameworks */ = {
			isa = PBXFrameworksBuildPhase;
			buildActionMask = 2147483647;
			files = (
				EAFEAA2E21F6985100B487FC /* Core.framework in Frameworks */,
				EA0EE33621F518CE0030A35C /* IntentsUI.framework in Frameworks */,
				EAD5B36B21F6526700C1F107 /* Result.framework in Frameworks */,
				EAD5B36C21F6526700C1F107 /* ReactiveSwift.framework in Frameworks */,
				EAD5B37421F6628A00C1F107 /* ReactiveCocoa.framework in Frameworks */,
			);
			runOnlyForDeploymentPostprocessing = 0;
		};
		EA4F287F21FA39750009BCEB /* Frameworks */ = {
			isa = PBXFrameworksBuildPhase;
			buildActionMask = 2147483647;
			files = (
			);
			runOnlyForDeploymentPostprocessing = 0;
		};
		EA88EBDC21F50F7C00D045C6 /* Frameworks */ = {
			isa = PBXFrameworksBuildPhase;
			buildActionMask = 2147483647;
			files = (
				EAFEAA2721F697BC00B487FC /* Core.framework in Frameworks */,
			);
			runOnlyForDeploymentPostprocessing = 0;
		};
		EAFEAA1D21F697BC00B487FC /* Frameworks */ = {
			isa = PBXFrameworksBuildPhase;
			buildActionMask = 2147483647;
			files = (
			);
			runOnlyForDeploymentPostprocessing = 0;
		};
/* End PBXFrameworksBuildPhase section */

/* Begin PBXGroup section */
		EA0EE32B21F518CE0030A35C /* TimelordIntents */ = {
			isa = PBXGroup;
			children = (
				EA0EE32E21F518CE0030A35C /* Info.plist */,
				EA0EE32C21F518CE0030A35C /* IntentHandler.swift */,
			);
			path = TimelordIntents;
			sourceTree = "<group>";
		};
		EA0EE33421F518CE0030A35C /* Frameworks */ = {
			isa = PBXGroup;
			children = (
				EAD5B37321F6628A00C1F107 /* ReactiveCocoa.framework */,
				EAD5B36A21F6526700C1F107 /* ReactiveSwift.framework */,
				EAD5B36921F6526700C1F107 /* Result.framework */,
				EA0EE33521F518CE0030A35C /* IntentsUI.framework */,
			);
			name = Frameworks;
			sourceTree = "<group>";
		};
		EA0EE33721F518CE0030A35C /* TimelordIntentsUI */ = {
			isa = PBXGroup;
			children = (
				EA0EE33D21F518CE0030A35C /* Info.plist */,
				EA0EE33821F518CE0030A35C /* IntentViewController.swift */,
				EAD5B36F21F65E4A00C1F107 /* ReminderCell.swift */,
			);
			path = TimelordIntentsUI;
			sourceTree = "<group>";
		};
		EA4F288321FA39750009BCEB /* TimelordUITests */ = {
			isa = PBXGroup;
			children = (
				EA4F288421FA39750009BCEB /* TimelordUITests.swift */,
				EA4F288621FA39750009BCEB /* Info.plist */,
			);
			path = TimelordUITests;
			sourceTree = "<group>";
		};
		EA88EBD621F50F7C00D045C6 = {
			isa = PBXGroup;
			children = (
				EA88EBE121F50F7C00D045C6 /* Timelord */,
				EA0EE32B21F518CE0030A35C /* TimelordIntents */,
				EA0EE33721F518CE0030A35C /* TimelordIntentsUI */,
				EAFEAA2121F697BC00B487FC /* Core */,
				EA4F288321FA39750009BCEB /* TimelordUITests */,
				EA0EE33421F518CE0030A35C /* Frameworks */,
				EA88EBE021F50F7C00D045C6 /* Products */,
			);
			sourceTree = "<group>";
		};
		EA88EBE021F50F7C00D045C6 /* Products */ = {
			isa = PBXGroup;
			children = (
				EA88EBDF21F50F7C00D045C6 /* Timelord.app */,
				EA0EE32A21F518CE0030A35C /* TimelordIntents.appex */,
				EA0EE33321F518CE0030A35C /* TimelordIntentsUI.appex */,
				EAFEAA2021F697BC00B487FC /* Core.framework */,
				EA4F288221FA39750009BCEB /* TimelordUITests.xctest */,
			);
			name = Products;
			sourceTree = "<group>";
		};
		EA88EBE121F50F7C00D045C6 /* Timelord */ = {
			isa = PBXGroup;
			children = (
				EA0EE32521F5167E0030A35C /* Timelord.entitlements */,
				EA88EBEE21F50F7D00D045C6 /* Info.plist */,
				EA88EBE221F50F7C00D045C6 /* AppDelegate.swift */,
				EA88EBE421F50F7C00D045C6 /* ViewController.swift */,
				EA88EBE921F50F7D00D045C6 /* Assets.xcassets */,
				EA88EBEB21F50F7D00D045C6 /* LaunchScreen.storyboard */,
				EA88EBE621F50F7C00D045C6 /* Main.storyboard */,
			);
			path = Timelord;
			sourceTree = "<group>";
		};
		EAFEAA2121F697BC00B487FC /* Core */ = {
			isa = PBXGroup;
			children = (
				EAFEAA2221F697BC00B487FC /* Core.h */,
				EAFEAA2321F697BC00B487FC /* Info.plist */,
				EAFEAA3021F699D800B487FC /* IntentsExtensions.swift */,
				EAD5B37121F65EA200C1F107 /* Reminder.swift */,
			);
			path = Core;
			sourceTree = "<group>";
		};
/* End PBXGroup section */

/* Begin PBXHeadersBuildPhase section */
		EAFEAA1B21F697BC00B487FC /* Headers */ = {
			isa = PBXHeadersBuildPhase;
			buildActionMask = 2147483647;
			files = (
				EAFEAA2421F697BC00B487FC /* Core.h in Headers */,
			);
			runOnlyForDeploymentPostprocessing = 0;
		};
/* End PBXHeadersBuildPhase section */

/* Begin PBXNativeTarget section */
		EA0EE32921F518CE0030A35C /* TimelordIntents */ = {
			isa = PBXNativeTarget;
			buildConfigurationList = EA0EE34721F518CE0030A35C /* Build configuration list for PBXNativeTarget "TimelordIntents" */;
			buildPhases = (
				EA0EE32621F518CE0030A35C /* Sources */,
				EA0EE32721F518CE0030A35C /* Frameworks */,
				EA0EE32821F518CE0030A35C /* Resources */,
			);
			buildRules = (
			);
			dependencies = (
			);
			name = TimelordIntents;
			productName = Intents;
			productReference = EA0EE32A21F518CE0030A35C /* TimelordIntents.appex */;
			productType = "com.apple.product-type.app-extension";
		};
		EA0EE33221F518CE0030A35C /* TimelordIntentsUI */ = {
			isa = PBXNativeTarget;
			buildConfigurationList = EA0EE34421F518CE0030A35C /* Build configuration list for PBXNativeTarget "TimelordIntentsUI" */;
			buildPhases = (
				EA0EE32F21F518CE0030A35C /* Sources */,
				EA0EE33021F518CE0030A35C /* Frameworks */,
				EA0EE33121F518CE0030A35C /* Resources */,
				EAD5B36E21F652A400C1F107 /* ShellScript */,
			);
			buildRules = (
			);
			dependencies = (
			);
			name = TimelordIntentsUI;
			productName = IntentsUI;
			productReference = EA0EE33321F518CE0030A35C /* TimelordIntentsUI.appex */;
			productType = "com.apple.product-type.app-extension";
		};
		EA4F288121FA39750009BCEB /* TimelordUITests */ = {
			isa = PBXNativeTarget;
			buildConfigurationList = EA4F288B21FA39750009BCEB /* Build configuration list for PBXNativeTarget "TimelordUITests" */;
			buildPhases = (
				EA4F287E21FA39750009BCEB /* Sources */,
				EA4F287F21FA39750009BCEB /* Frameworks */,
				EA4F288021FA39750009BCEB /* Resources */,
			);
			buildRules = (
			);
			dependencies = (
				EA4F288821FA39750009BCEB /* PBXTargetDependency */,
			);
			name = TimelordUITests;
			productName = TimelordUITests;
			productReference = EA4F288221FA39750009BCEB /* TimelordUITests.xctest */;
			productType = "com.apple.product-type.bundle.ui-testing";
		};
		EA88EBDE21F50F7C00D045C6 /* Timelord */ = {
			isa = PBXNativeTarget;
			buildConfigurationList = EA88EBF121F50F7D00D045C6 /* Build configuration list for PBXNativeTarget "Timelord" */;
			buildPhases = (
				EA88EBDB21F50F7C00D045C6 /* Sources */,
				EA88EBDC21F50F7C00D045C6 /* Frameworks */,
				EA88EBDD21F50F7C00D045C6 /* Resources */,
				EA0EE34A21F518CE0030A35C /* Embed App Extensions */,
				EAFEAA2C21F697BC00B487FC /* Embed Frameworks */,
			);
			buildRules = (
			);
			dependencies = (
				EA0EE33F21F518CE0030A35C /* PBXTargetDependency */,
				EA0EE34221F518CE0030A35C /* PBXTargetDependency */,
				EAFEAA2621F697BC00B487FC /* PBXTargetDependency */,
			);
			name = Timelord;
			productName = Timelord;
			productReference = EA88EBDF21F50F7C00D045C6 /* Timelord.app */;
			productType = "com.apple.product-type.application";
		};
		EAFEAA1F21F697BC00B487FC /* Core */ = {
			isa = PBXNativeTarget;
			buildConfigurationList = EAFEAA2B21F697BC00B487FC /* Build configuration list for PBXNativeTarget "Core" */;
			buildPhases = (
				EAFEAA1B21F697BC00B487FC /* Headers */,
				EAFEAA1C21F697BC00B487FC /* Sources */,
				EAFEAA1D21F697BC00B487FC /* Frameworks */,
				EAFEAA1E21F697BC00B487FC /* Resources */,
			);
			buildRules = (
			);
			dependencies = (
			);
			name = Core;
			productName = Core;
			productReference = EAFEAA2021F697BC00B487FC /* Core.framework */;
			productType = "com.apple.product-type.framework";
		};
/* End PBXNativeTarget section */

/* Begin PBXProject section */
		EA88EBD721F50F7C00D045C6 /* Project object */ = {
			isa = PBXProject;
			attributes = {
				LastSwiftUpdateCheck = 1010;
				LastUpgradeCheck = 1010;
				ORGANIZATIONNAME = "Tom Brow";
				TargetAttributes = {
					EA0EE32921F518CE0030A35C = {
						CreatedOnToolsVersion = 10.1;
					};
					EA0EE33221F518CE0030A35C = {
						CreatedOnToolsVersion = 10.1;
					};
					EA4F288121FA39750009BCEB = {
						CreatedOnToolsVersion = 10.1;
						TestTargetID = EA88EBDE21F50F7C00D045C6;
					};
					EA88EBDE21F50F7C00D045C6 = {
						CreatedOnToolsVersion = 10.1;
						SystemCapabilities = {
							com.apple.Siri = {
								enabled = 1;
							};
						};
					};
					EAFEAA1F21F697BC00B487FC = {
						CreatedOnToolsVersion = 10.1;
					};
				};
			};
			buildConfigurationList = EA88EBDA21F50F7C00D045C6 /* Build configuration list for PBXProject "Timelord" */;
			compatibilityVersion = "Xcode 9.3";
			developmentRegion = en;
			hasScannedForEncodings = 0;
			knownRegions = (
				en,
				Base,
			);
			mainGroup = EA88EBD621F50F7C00D045C6;
			productRefGroup = EA88EBE021F50F7C00D045C6 /* Products */;
			projectDirPath = "";
			projectRoot = "";
			targets = (
				EA88EBDE21F50F7C00D045C6 /* Timelord */,
				EA0EE32921F518CE0030A35C /* TimelordIntents */,
				EA0EE33221F518CE0030A35C /* TimelordIntentsUI */,
				EAFEAA1F21F697BC00B487FC /* Core */,
				EA4F288121FA39750009BCEB /* TimelordUITests */,
			);
		};
/* End PBXProject section */

/* Begin PBXResourcesBuildPhase section */
		EA0EE32821F518CE0030A35C /* Resources */ = {
			isa = PBXResourcesBuildPhase;
			buildActionMask = 2147483647;
			files = (
			);
			runOnlyForDeploymentPostprocessing = 0;
		};
		EA0EE33121F518CE0030A35C /* Resources */ = {
			isa = PBXResourcesBuildPhase;
			buildActionMask = 2147483647;
			files = (
			);
			runOnlyForDeploymentPostprocessing = 0;
		};
		EA4F288021FA39750009BCEB /* Resources */ = {
			isa = PBXResourcesBuildPhase;
			buildActionMask = 2147483647;
			files = (
			);
			runOnlyForDeploymentPostprocessing = 0;
		};
		EA88EBDD21F50F7C00D045C6 /* Resources */ = {
			isa = PBXResourcesBuildPhase;
			buildActionMask = 2147483647;
			files = (
				EA88EBED21F50F7D00D045C6 /* LaunchScreen.storyboard in Resources */,
				EA88EBEA21F50F7D00D045C6 /* Assets.xcassets in Resources */,
				EA88EBE821F50F7C00D045C6 /* Main.storyboard in Resources */,
			);
			runOnlyForDeploymentPostprocessing = 0;
		};
		EAFEAA1E21F697BC00B487FC /* Resources */ = {
			isa = PBXResourcesBuildPhase;
			buildActionMask = 2147483647;
			files = (
			);
			runOnlyForDeploymentPostprocessing = 0;
		};
/* End PBXResourcesBuildPhase section */

/* Begin PBXShellScriptBuildPhase section */
		EAD5B36E21F652A400C1F107 /* ShellScript */ = {
			isa = PBXShellScriptBuildPhase;
			buildActionMask = 2147483647;
			files = (
			);
			inputFileListPaths = (
			);
			inputPaths = (
				"$(SRCROOT)/Carthage/Build/iOS/Result.framework",
				"$(SRCROOT)/Carthage/Build/iOS/ReactiveSwift.framework",
				"$(SRCROOT)/Carthage/Build/iOS/ReactiveCocoa.framework",
			);
			outputFileListPaths = (
			);
			outputPaths = (
				"$(BUILT_PRODUCTS_DIR)/$(FRAMEWORKS_FOLDER_PATH)/Result.framework",
				"$(BUILT_PRODUCTS_DIR)/$(FRAMEWORKS_FOLDER_PATH)/ReactiveSwift.framework",
				"$(BUILT_PRODUCTS_DIR)/$(FRAMEWORKS_FOLDER_PATH)/ReactiveCocoa.framework",
			);
			runOnlyForDeploymentPostprocessing = 0;
			shellPath = /bin/sh;
			shellScript = "/usr/local/bin/carthage copy-frameworks\n";
		};
/* End PBXShellScriptBuildPhase section */

/* Begin PBXSourcesBuildPhase section */
		EA0EE32621F518CE0030A35C /* Sources */ = {
			isa = PBXSourcesBuildPhase;
			buildActionMask = 2147483647;
			files = (
				EA0EE32D21F518CE0030A35C /* IntentHandler.swift in Sources */,
			);
			runOnlyForDeploymentPostprocessing = 0;
		};
		EA0EE32F21F518CE0030A35C /* Sources */ = {
			isa = PBXSourcesBuildPhase;
			buildActionMask = 2147483647;
			files = (
				EA0EE33921F518CE0030A35C /* IntentViewController.swift in Sources */,
				EAD5B37021F65E4A00C1F107 /* ReminderCell.swift in Sources */,
			);
			runOnlyForDeploymentPostprocessing = 0;
		};
		EA4F287E21FA39750009BCEB /* Sources */ = {
			isa = PBXSourcesBuildPhase;
			buildActionMask = 2147483647;
			files = (
				EA4F288521FA39750009BCEB /* TimelordUITests.swift in Sources */,
			);
			runOnlyForDeploymentPostprocessing = 0;
		};
		EA88EBDB21F50F7C00D045C6 /* Sources */ = {
			isa = PBXSourcesBuildPhase;
			buildActionMask = 2147483647;
			files = (
				EA88EBE521F50F7C00D045C6 /* ViewController.swift in Sources */,
				EA88EBE321F50F7C00D045C6 /* AppDelegate.swift in Sources */,
			);
			runOnlyForDeploymentPostprocessing = 0;
		};
		EAFEAA1C21F697BC00B487FC /* Sources */ = {
			isa = PBXSourcesBuildPhase;
			buildActionMask = 2147483647;
			files = (
				EAFEAA2D21F697E100B487FC /* Reminder.swift in Sources */,
				EAFEAA3121F699D800B487FC /* IntentsExtensions.swift in Sources */,
			);
			runOnlyForDeploymentPostprocessing = 0;
		};
/* End PBXSourcesBuildPhase section */

/* Begin PBXTargetDependency section */
		EA0EE33F21F518CE0030A35C /* PBXTargetDependency */ = {
			isa = PBXTargetDependency;
			target = EA0EE33221F518CE0030A35C /* TimelordIntentsUI */;
			targetProxy = EA0EE33E21F518CE0030A35C /* PBXContainerItemProxy */;
		};
		EA0EE34221F518CE0030A35C /* PBXTargetDependency */ = {
			isa = PBXTargetDependency;
			target = EA0EE32921F518CE0030A35C /* TimelordIntents */;
			targetProxy = EA0EE34121F518CE0030A35C /* PBXContainerItemProxy */;
		};
		EA4F288821FA39750009BCEB /* PBXTargetDependency */ = {
			isa = PBXTargetDependency;
			target = EA88EBDE21F50F7C00D045C6 /* Timelord */;
			targetProxy = EA4F288721FA39750009BCEB /* PBXContainerItemProxy */;
		};
		EAFEAA2621F697BC00B487FC /* PBXTargetDependency */ = {
			isa = PBXTargetDependency;
			target = EAFEAA1F21F697BC00B487FC /* Core */;
			targetProxy = EAFEAA2521F697BC00B487FC /* PBXContainerItemProxy */;
		};
/* End PBXTargetDependency section */

/* Begin PBXVariantGroup section */
		EA88EBE621F50F7C00D045C6 /* Main.storyboard */ = {
			isa = PBXVariantGroup;
			children = (
				EA88EBE721F50F7C00D045C6 /* Base */,
			);
			name = Main.storyboard;
			sourceTree = "<group>";
		};
		EA88EBEB21F50F7D00D045C6 /* LaunchScreen.storyboard */ = {
			isa = PBXVariantGroup;
			children = (
				EA88EBEC21F50F7D00D045C6 /* Base */,
			);
			name = LaunchScreen.storyboard;
			sourceTree = "<group>";
		};
/* End PBXVariantGroup section */

/* Begin XCBuildConfiguration section */
		EA0EE34521F518CE0030A35C /* Debug */ = {
			isa = XCBuildConfiguration;
			buildSettings = {
				CODE_SIGN_STYLE = Automatic;
				DEVELOPMENT_TEAM = DE7S2975CH;
				FRAMEWORK_SEARCH_PATHS = (
					"$(inherited)",
					"$(PROJECT_DIR)/Carthage/Build/iOS",
				);
				INFOPLIST_FILE = TimelordIntentsUI/Info.plist;
				LD_RUNPATH_SEARCH_PATHS = (
					"$(inherited)",
					"@executable_path/Frameworks",
					"@executable_path/../../Frameworks",
				);
				PRODUCT_BUNDLE_IDENTIFIER = com.tombrow.timelord2.IntentsUI;
				PRODUCT_NAME = "$(TARGET_NAME)";
				SKIP_INSTALL = YES;
				SWIFT_VERSION = 4.2;
				TARGETED_DEVICE_FAMILY = "1,2";
			};
			name = Debug;
		};
		EA0EE34621F518CE0030A35C /* Release */ = {
			isa = XCBuildConfiguration;
			buildSettings = {
				CODE_SIGN_STYLE = Automatic;
				DEVELOPMENT_TEAM = DE7S2975CH;
				FRAMEWORK_SEARCH_PATHS = (
					"$(inherited)",
					"$(PROJECT_DIR)/Carthage/Build/iOS",
				);
				INFOPLIST_FILE = TimelordIntentsUI/Info.plist;
				LD_RUNPATH_SEARCH_PATHS = (
					"$(inherited)",
					"@executable_path/Frameworks",
					"@executable_path/../../Frameworks",
				);
				PRODUCT_BUNDLE_IDENTIFIER = com.tombrow.timelord2.IntentsUI;
				PRODUCT_NAME = "$(TARGET_NAME)";
				SKIP_INSTALL = YES;
				SWIFT_VERSION = 4.2;
				TARGETED_DEVICE_FAMILY = "1,2";
			};
			name = Release;
		};
		EA0EE34821F518CE0030A35C /* Debug */ = {
			isa = XCBuildConfiguration;
			buildSettings = {
				CODE_SIGN_STYLE = Automatic;
				DEVELOPMENT_TEAM = DE7S2975CH;
				INFOPLIST_FILE = TimelordIntents/Info.plist;
				LD_RUNPATH_SEARCH_PATHS = (
					"$(inherited)",
					"@executable_path/Frameworks",
					"@executable_path/../../Frameworks",
				);
				PRODUCT_BUNDLE_IDENTIFIER = com.tombrow.timelord2.Intents;
				PRODUCT_NAME = "$(TARGET_NAME)";
				SKIP_INSTALL = YES;
				SWIFT_VERSION = 4.2;
				TARGETED_DEVICE_FAMILY = "1,2";
			};
			name = Debug;
		};
		EA0EE34921F518CE0030A35C /* Release */ = {
			isa = XCBuildConfiguration;
			buildSettings = {
				CODE_SIGN_STYLE = Automatic;
				DEVELOPMENT_TEAM = DE7S2975CH;
				INFOPLIST_FILE = TimelordIntents/Info.plist;
				LD_RUNPATH_SEARCH_PATHS = (
					"$(inherited)",
					"@executable_path/Frameworks",
					"@executable_path/../../Frameworks",
				);
				PRODUCT_BUNDLE_IDENTIFIER = com.tombrow.timelord2.Intents;
				PRODUCT_NAME = "$(TARGET_NAME)";
				SKIP_INSTALL = YES;
				SWIFT_VERSION = 4.2;
				TARGETED_DEVICE_FAMILY = "1,2";
			};
			name = Release;
		};
		EA4F288921FA39750009BCEB /* Debug */ = {
			isa = XCBuildConfiguration;
			buildSettings = {
				CODE_SIGN_STYLE = Automatic;
				DEVELOPMENT_TEAM = DE7S2975CH;
				INFOPLIST_FILE = TimelordUITests/Info.plist;
				LD_RUNPATH_SEARCH_PATHS = (
					"$(inherited)",
					"@executable_path/Frameworks",
					"@loader_path/Frameworks",
				);
				PRODUCT_BUNDLE_IDENTIFIER = com.tombrow.timelord2.TimelordUITests;
				PRODUCT_NAME = "$(TARGET_NAME)";
				SWIFT_VERSION = 4.2;
				TARGETED_DEVICE_FAMILY = "1,2";
				TEST_TARGET_NAME = Timelord;
			};
			name = Debug;
		};
		EA4F288A21FA39750009BCEB /* Release */ = {
			isa = XCBuildConfiguration;
			buildSettings = {
				CODE_SIGN_STYLE = Automatic;
				DEVELOPMENT_TEAM = DE7S2975CH;
				INFOPLIST_FILE = TimelordUITests/Info.plist;
				LD_RUNPATH_SEARCH_PATHS = (
					"$(inherited)",
					"@executable_path/Frameworks",
					"@loader_path/Frameworks",
				);
				PRODUCT_BUNDLE_IDENTIFIER = com.tombrow.timelord2.TimelordUITests;
				PRODUCT_NAME = "$(TARGET_NAME)";
				SWIFT_VERSION = 4.2;
				TARGETED_DEVICE_FAMILY = "1,2";
				TEST_TARGET_NAME = Timelord;
			};
			name = Release;
		};
		EA88EBEF21F50F7D00D045C6 /* Debug */ = {
			isa = XCBuildConfiguration;
			buildSettings = {
				ALWAYS_SEARCH_USER_PATHS = NO;
				CLANG_ANALYZER_NONNULL = YES;
				CLANG_ANALYZER_NUMBER_OBJECT_CONVERSION = YES_AGGRESSIVE;
				CLANG_CXX_LANGUAGE_STANDARD = "gnu++14";
				CLANG_CXX_LIBRARY = "libc++";
				CLANG_ENABLE_MODULES = YES;
				CLANG_ENABLE_OBJC_ARC = YES;
				CLANG_ENABLE_OBJC_WEAK = YES;
				CLANG_WARN_BLOCK_CAPTURE_AUTORELEASING = YES;
				CLANG_WARN_BOOL_CONVERSION = YES;
				CLANG_WARN_COMMA = YES;
				CLANG_WARN_CONSTANT_CONVERSION = YES;
				CLANG_WARN_DEPRECATED_OBJC_IMPLEMENTATIONS = YES;
				CLANG_WARN_DIRECT_OBJC_ISA_USAGE = YES_ERROR;
				CLANG_WARN_DOCUMENTATION_COMMENTS = YES;
				CLANG_WARN_EMPTY_BODY = YES;
				CLANG_WARN_ENUM_CONVERSION = YES;
				CLANG_WARN_INFINITE_RECURSION = YES;
				CLANG_WARN_INT_CONVERSION = YES;
				CLANG_WARN_NON_LITERAL_NULL_CONVERSION = YES;
				CLANG_WARN_OBJC_IMPLICIT_RETAIN_SELF = YES;
				CLANG_WARN_OBJC_LITERAL_CONVERSION = YES;
				CLANG_WARN_OBJC_ROOT_CLASS = YES_ERROR;
				CLANG_WARN_RANGE_LOOP_ANALYSIS = YES;
				CLANG_WARN_STRICT_PROTOTYPES = YES;
				CLANG_WARN_SUSPICIOUS_MOVE = YES;
				CLANG_WARN_UNGUARDED_AVAILABILITY = YES_AGGRESSIVE;
				CLANG_WARN_UNREACHABLE_CODE = YES;
				CLANG_WARN__DUPLICATE_METHOD_MATCH = YES;
				CODE_SIGN_IDENTITY = "iPhone Developer";
				COPY_PHASE_STRIP = NO;
				DEBUG_INFORMATION_FORMAT = dwarf;
				ENABLE_STRICT_OBJC_MSGSEND = YES;
				ENABLE_TESTABILITY = YES;
				GCC_C_LANGUAGE_STANDARD = gnu11;
				GCC_DYNAMIC_NO_PIC = NO;
				GCC_NO_COMMON_BLOCKS = YES;
				GCC_OPTIMIZATION_LEVEL = 0;
				GCC_PREPROCESSOR_DEFINITIONS = (
					"DEBUG=1",
					"$(inherited)",
				);
				GCC_WARN_64_TO_32_BIT_CONVERSION = YES;
				GCC_WARN_ABOUT_RETURN_TYPE = YES_ERROR;
				GCC_WARN_UNDECLARED_SELECTOR = YES;
				GCC_WARN_UNINITIALIZED_AUTOS = YES_AGGRESSIVE;
				GCC_WARN_UNUSED_FUNCTION = YES;
				GCC_WARN_UNUSED_VARIABLE = YES;
				IPHONEOS_DEPLOYMENT_TARGET = 12.1;
				MTL_ENABLE_DEBUG_INFO = INCLUDE_SOURCE;
				MTL_FAST_MATH = YES;
				ONLY_ACTIVE_ARCH = YES;
				SDKROOT = iphoneos;
				SWIFT_ACTIVE_COMPILATION_CONDITIONS = DEBUG;
				SWIFT_OPTIMIZATION_LEVEL = "-Onone";
			};
			name = Debug;
		};
		EA88EBF021F50F7D00D045C6 /* Release */ = {
			isa = XCBuildConfiguration;
			buildSettings = {
				ALWAYS_SEARCH_USER_PATHS = NO;
				CLANG_ANALYZER_NONNULL = YES;
				CLANG_ANALYZER_NUMBER_OBJECT_CONVERSION = YES_AGGRESSIVE;
				CLANG_CXX_LANGUAGE_STANDARD = "gnu++14";
				CLANG_CXX_LIBRARY = "libc++";
				CLANG_ENABLE_MODULES = YES;
				CLANG_ENABLE_OBJC_ARC = YES;
				CLANG_ENABLE_OBJC_WEAK = YES;
				CLANG_WARN_BLOCK_CAPTURE_AUTORELEASING = YES;
				CLANG_WARN_BOOL_CONVERSION = YES;
				CLANG_WARN_COMMA = YES;
				CLANG_WARN_CONSTANT_CONVERSION = YES;
				CLANG_WARN_DEPRECATED_OBJC_IMPLEMENTATIONS = YES;
				CLANG_WARN_DIRECT_OBJC_ISA_USAGE = YES_ERROR;
				CLANG_WARN_DOCUMENTATION_COMMENTS = YES;
				CLANG_WARN_EMPTY_BODY = YES;
				CLANG_WARN_ENUM_CONVERSION = YES;
				CLANG_WARN_INFINITE_RECURSION = YES;
				CLANG_WARN_INT_CONVERSION = YES;
				CLANG_WARN_NON_LITERAL_NULL_CONVERSION = YES;
				CLANG_WARN_OBJC_IMPLICIT_RETAIN_SELF = YES;
				CLANG_WARN_OBJC_LITERAL_CONVERSION = YES;
				CLANG_WARN_OBJC_ROOT_CLASS = YES_ERROR;
				CLANG_WARN_RANGE_LOOP_ANALYSIS = YES;
				CLANG_WARN_STRICT_PROTOTYPES = YES;
				CLANG_WARN_SUSPICIOUS_MOVE = YES;
				CLANG_WARN_UNGUARDED_AVAILABILITY = YES_AGGRESSIVE;
				CLANG_WARN_UNREACHABLE_CODE = YES;
				CLANG_WARN__DUPLICATE_METHOD_MATCH = YES;
				CODE_SIGN_IDENTITY = "iPhone Developer";
				COPY_PHASE_STRIP = NO;
				DEBUG_INFORMATION_FORMAT = "dwarf-with-dsym";
				ENABLE_NS_ASSERTIONS = NO;
				ENABLE_STRICT_OBJC_MSGSEND = YES;
				GCC_C_LANGUAGE_STANDARD = gnu11;
				GCC_NO_COMMON_BLOCKS = YES;
				GCC_WARN_64_TO_32_BIT_CONVERSION = YES;
				GCC_WARN_ABOUT_RETURN_TYPE = YES_ERROR;
				GCC_WARN_UNDECLARED_SELECTOR = YES;
				GCC_WARN_UNINITIALIZED_AUTOS = YES_AGGRESSIVE;
				GCC_WARN_UNUSED_FUNCTION = YES;
				GCC_WARN_UNUSED_VARIABLE = YES;
				IPHONEOS_DEPLOYMENT_TARGET = 12.1;
				MTL_ENABLE_DEBUG_INFO = NO;
				MTL_FAST_MATH = YES;
				SDKROOT = iphoneos;
				SWIFT_COMPILATION_MODE = wholemodule;
				SWIFT_OPTIMIZATION_LEVEL = "-O";
				VALIDATE_PRODUCT = YES;
			};
			name = Release;
		};
		EA88EBF221F50F7D00D045C6 /* Debug */ = {
			isa = XCBuildConfiguration;
			buildSettings = {
				ALWAYS_EMBED_SWIFT_STANDARD_LIBRARIES = YES;
				ASSETCATALOG_COMPILER_APPICON_NAME = AppIcon;
				CODE_SIGN_ENTITLEMENTS = Timelord/Timelord.entitlements;
				CODE_SIGN_STYLE = Automatic;
				DEVELOPMENT_TEAM = DE7S2975CH;
				INFOPLIST_FILE = Timelord/Info.plist;
				LD_RUNPATH_SEARCH_PATHS = (
					"$(inherited)",
					"@executable_path/Frameworks",
				);
				PRODUCT_BUNDLE_IDENTIFIER = com.tombrow.timelord2;
				PRODUCT_NAME = "$(TARGET_NAME)";
				SWIFT_VERSION = 4.2;
				TARGETED_DEVICE_FAMILY = "1,2";
			};
			name = Debug;
		};
		EA88EBF321F50F7D00D045C6 /* Release */ = {
			isa = XCBuildConfiguration;
			buildSettings = {
				ALWAYS_EMBED_SWIFT_STANDARD_LIBRARIES = YES;
				ASSETCATALOG_COMPILER_APPICON_NAME = AppIcon;
				CODE_SIGN_ENTITLEMENTS = Timelord/Timelord.entitlements;
				CODE_SIGN_STYLE = Automatic;
				DEVELOPMENT_TEAM = DE7S2975CH;
				INFOPLIST_FILE = Timelord/Info.plist;
				LD_RUNPATH_SEARCH_PATHS = (
					"$(inherited)",
					"@executable_path/Frameworks",
				);
				PRODUCT_BUNDLE_IDENTIFIER = com.tombrow.timelord2;
				PRODUCT_NAME = "$(TARGET_NAME)";
				SWIFT_VERSION = 4.2;
				TARGETED_DEVICE_FAMILY = "1,2";
			};
			name = Release;
		};
		EAFEAA2921F697BC00B487FC /* Debug */ = {
			isa = XCBuildConfiguration;
			buildSettings = {
				APPLICATION_EXTENSION_API_ONLY = YES;
				CODE_SIGN_IDENTITY = "";
				CODE_SIGN_STYLE = Automatic;
				CURRENT_PROJECT_VERSION = 1;
				DEFINES_MODULE = YES;
				DEVELOPMENT_TEAM = DE7S2975CH;
				DYLIB_COMPATIBILITY_VERSION = 1;
				DYLIB_CURRENT_VERSION = 1;
				DYLIB_INSTALL_NAME_BASE = "@rpath";
				INFOPLIST_FILE = Core/Info.plist;
				INSTALL_PATH = "$(LOCAL_LIBRARY_DIR)/Frameworks";
				LD_RUNPATH_SEARCH_PATHS = (
					"$(inherited)",
					"@executable_path/Frameworks",
					"@loader_path/Frameworks",
				);
				PRODUCT_BUNDLE_IDENTIFIER = com.tombrow.timelord2.Core;
				PRODUCT_NAME = "$(TARGET_NAME:c99extidentifier)";
				SKIP_INSTALL = YES;
				SWIFT_VERSION = 4.2;
				TARGETED_DEVICE_FAMILY = "1,2";
				VERSIONING_SYSTEM = "apple-generic";
				VERSION_INFO_PREFIX = "";
			};
			name = Debug;
		};
		EAFEAA2A21F697BC00B487FC /* Release */ = {
			isa = XCBuildConfiguration;
			buildSettings = {
				APPLICATION_EXTENSION_API_ONLY = YES;
				CODE_SIGN_IDENTITY = "";
				CODE_SIGN_STYLE = Automatic;
				CURRENT_PROJECT_VERSION = 1;
				DEFINES_MODULE = YES;
				DEVELOPMENT_TEAM = DE7S2975CH;
				DYLIB_COMPATIBILITY_VERSION = 1;
				DYLIB_CURRENT_VERSION = 1;
				DYLIB_INSTALL_NAME_BASE = "@rpath";
				INFOPLIST_FILE = Core/Info.plist;
				INSTALL_PATH = "$(LOCAL_LIBRARY_DIR)/Frameworks";
				LD_RUNPATH_SEARCH_PATHS = (
					"$(inherited)",
					"@executable_path/Frameworks",
					"@loader_path/Frameworks",
				);
				PRODUCT_BUNDLE_IDENTIFIER = com.tombrow.timelord2.Core;
				PRODUCT_NAME = "$(TARGET_NAME:c99extidentifier)";
				SKIP_INSTALL = YES;
				SWIFT_VERSION = 4.2;
				TARGETED_DEVICE_FAMILY = "1,2";
				VERSIONING_SYSTEM = "apple-generic";
				VERSION_INFO_PREFIX = "";
			};
			name = Release;
		};
/* End XCBuildConfiguration section */

/* Begin XCConfigurationList section */
		EA0EE34421F518CE0030A35C /* Build configuration list for PBXNativeTarget "TimelordIntentsUI" */ = {
			isa = XCConfigurationList;
			buildConfigurations = (
				EA0EE34521F518CE0030A35C /* Debug */,
				EA0EE34621F518CE0030A35C /* Release */,
			);
			defaultConfigurationIsVisible = 0;
			defaultConfigurationName = Release;
		};
		EA0EE34721F518CE0030A35C /* Build configuration list for PBXNativeTarget "TimelordIntents" */ = {
			isa = XCConfigurationList;
			buildConfigurations = (
				EA0EE34821F518CE0030A35C /* Debug */,
				EA0EE34921F518CE0030A35C /* Release */,
			);
			defaultConfigurationIsVisible = 0;
			defaultConfigurationName = Release;
		};
		EA4F288B21FA39750009BCEB /* Build configuration list for PBXNativeTarget "TimelordUITests" */ = {
			isa = XCConfigurationList;
			buildConfigurations = (
				EA4F288921FA39750009BCEB /* Debug */,
				EA4F288A21FA39750009BCEB /* Release */,
			);
			defaultConfigurationIsVisible = 0;
			defaultConfigurationName = Release;
		};
		EA88EBDA21F50F7C00D045C6 /* Build configuration list for PBXProject "Timelord" */ = {
			isa = XCConfigurationList;
			buildConfigurations = (
				EA88EBEF21F50F7D00D045C6 /* Debug */,
				EA88EBF021F50F7D00D045C6 /* Release */,
			);
			defaultConfigurationIsVisible = 0;
			defaultConfigurationName = Release;
		};
		EA88EBF121F50F7D00D045C6 /* Build configuration list for PBXNativeTarget "Timelord" */ = {
			isa = XCConfigurationList;
			buildConfigurations = (
				EA88EBF221F50F7D00D045C6 /* Debug */,
				EA88EBF321F50F7D00D045C6 /* Release */,
			);
			defaultConfigurationIsVisible = 0;
			defaultConfigurationName = Release;
		};
		EAFEAA2B21F697BC00B487FC /* Build configuration list for PBXNativeTarget "Core" */ = {
			isa = XCConfigurationList;
			buildConfigurations = (
				EAFEAA2921F697BC00B487FC /* Debug */,
				EAFEAA2A21F697BC00B487FC /* Release */,
			);
			defaultConfigurationIsVisible = 0;
			defaultConfigurationName = Release;
		};
/* End XCConfigurationList section */
	};
	rootObject = EA88EBD721F50F7C00D045C6 /* Project object */;
}
